PODS:
  - FFmpegKit (6.1.0):
    - FFmpegKit/FFmpegKit (= 6.1.0)
  - FFmpegKit/FFmpegKit (6.1.0):
    - Libass
  - Libass (0.17.1):
    - Libass/Libass (= 0.17.1)
  - Libass/Libass (0.17.1)
DEPENDENCIES:
  - FFmpegKit (from `../`)
  - Libass (from `../`)

EXTERNAL SOURCES:
  FFmpegKit:
    :path: "../"
  Libass:
    :path: "../"

SPEC CHECKSUMS:
  FFmpegKit: 52025e11903a6f3364af5c9e0ae45f7cf04ca20c
  Libass: e88af2324e1217e3a4c8bdc675f6f23a9dfc7677

COCOAPODS: 1.15.2
