PODS:
  - FFmpegKit (6.1.0):
    - FFmpegKit/FFmpegKit (= 6.1.0)
  - FFmpegKit/FFmpegKit (6.1.0):
    - Libass
  - Libass (0.17.1):
    - Libass/Libass (= 0.17.1)
  - Libass/Libass (0.17.1)

DEPENDENCIES:
  - FFmpegKit (from `../`)
  - Libass (from `../`)

EXTERNAL SOURCES:
  FFmpegKit:
    :path: "../"
  Libass:
    :path: "../"

SPEC CHECKSUMS:
  FFmpegKit: c46e37eb8b7b9ff4d4902c07ecf52320e8f5a438
  Libass: 07125be2baaa982f711cc380e79309e9db24140d

PODFILE CHECKSUM: 8d16b19a79e9b286734a885886183829d7470439

COCOAPODS: 1.16.2
