PODS:
  - FFmpegKit (6.1.0):
    - FFmpegKit/FFmpegKit (= 6.1.0)
  - FFmpegKit/FFmpegKit (6.1.0):
    - Libass
  - Libass (0.17.1):
    - Libass/Libass (= 0.17.1)
  - Libass/Libass (0.17.1)

DEPENDENCIES:
  - FFmpegKit (from `../`)
  - Libass (from `../`)

EXTERNAL SOURCES:
  FFmpegKit:
    :path: "../"
  Libass:
    :path: "../"

SPEC CHECKSUMS:
  FFmpegKit: e20f56c3393c5003825da708169de5bce4f5e2f4
  Libass: ed669aabbb09152d66df216697d3cb0b33383df3

PODFILE CHECKSUM: f7fc8026e2475cf4fa04aa05ecbf9a756419806a

COCOAPODS: 1.16.2
